# This file is autogenerated, do not edit; changes may be undone by the next 'dep ensure'.


[[projects]]
  branch = "master"
  name = "github.com/foobaz/go-zopfli"
  packages = [
    ".",
    "zopfli"
  ]
  revision = "7432051485e2617ac160eba6129ab7efedecd427"

[[projects]]
  name = "github.com/fsnotify/fsnotify"
  packages = ["."]
  revision = "c2828203cd70a50dcccfb2761f8b1f8ceef9a8e9"
  version = "v1.4.7"

[[projects]]
  branch = "master"
  name = "github.com/golang/gddo"
  packages = ["httputil/header"]
  revision = "416d5fc8c9c85e9ec9252a70d01e069f4b287ff0"

[[projects]]
  name = "github.com/golang/protobuf"
  packages = [
    "proto",
    "protoc-gen-go",
    "protoc-gen-go/descriptor",
    "protoc-gen-go/generator",
    "protoc-gen-go/grpc",
    "protoc-gen-go/plugin",
    "ptypes",
    "ptypes/any",
    "ptypes/duration",
    "ptypes/timestamp"
  ]
  revision = "925541529c1fa6821df4e44ce2723319eb2be768"
  version = "v1.0.0"

[[projects]]
  branch = "master"
  name = "github.com/gopherjs/gopherjs"
  packages = [
    ".",
    "build",
    "compiler",
    "compiler/analysis",
    "compiler/astutil",
    "compiler/filter",
    "compiler/gopherjspkg",
    "compiler/natives",
    "compiler/prelude",
    "compiler/typesutil",
    "internal/sysutil",
    "js"
  ]
  revision = "8dffc02ea1cb8398bb73f30424697c60fcf8d4c5"

[[projects]]
  branch = "master"
  name = "github.com/gopherjs/jsbuiltin"
  packages = ["."]
  revision = "67703bfb044e3192fbcab025c3aeaeedafad1f2f"

[[projects]]
  name = "github.com/gorilla/websocket"
  packages = ["."]
  revision = "ea4d1f681babbce9545c9c5f3d5194a789c89f5b"
  version = "v1.2.0"

[[projects]]
  name = "github.com/improbable-eng/grpc-web"
  packages = ["go/grpcweb"]
  revision = "58d1f6c3d97b6d81d7eebd7d26d5942a1d40cb46"
  version = "0.6.0"

[[projects]]
  name = "github.com/inconshreveable/mousetrap"
  packages = ["."]
  revision = "76626ae9c91c4f2a10f34cad8ce83ea42c93bb75"
  version = "v1.0"

[[projects]]
  name = "github.com/johanbrandhorst/protobuf"
  packages = [
    "grpcweb",
    "grpcweb/grpcwebjs",
    "grpcweb/status",
    "jspb",
    "proto",
    "protoc-gen-gopherjs",
    "protoc-gen-gopherjs/generator",
    "protoc-gen-gopherjs/grpc",
    "ptypes/timestamp"
  ]
  revision = "5b744c2eb93cacc822132017f8a2e63ecf0740f5"
  version = "v0.6.2"

[[projects]]
  name = "github.com/kisielk/gotool"
  packages = [
    ".",
    "internal/load"
  ]
  revision = "80517062f582ea3340cd4baf70e86d539ae7d84d"
  version = "v1.0.0"

[[projects]]
  name = "github.com/lpar/gzipped"
  packages = ["."]
  revision = "8e9a0db009a7e2ca48d46825a0b32e8b2465c810"
  version = "v1.0.1"

[[projects]]
  branch = "master"
  name = "github.com/neelance/astrewrite"
  packages = ["."]
  revision = "99348263ae862cc230986ce88deaddbf7edcc034"

[[projects]]
  branch = "master"
  name = "github.com/neelance/sourcemap"
  packages = ["."]
  revision = "8c68805598ab8d5637b1a72b5f7d381ea0f39c31"

[[projects]]
  name = "github.com/rs/cors"
  packages = ["."]
  revision = "feef513b9575b32f84bafa580aad89b011259019"
  version = "v1.3.0"

[[projects]]
  branch = "master"
  name = "github.com/shurcooL/httpfs"
  packages = [
    "filter",
    "vfsutil"
  ]
  revision = "809beceb23714880abc4a382a00c05f89d13b1cc"

[[projects]]
  branch = "master"
  name = "github.com/shurcooL/vfsgen"
  packages = ["."]
  revision = "ffb13db8def02f545acc58bd288ec6057c2bbfb9"

[[projects]]
  name = "github.com/sirupsen/logrus"
  packages = ["."]
  revision = "c155da19408a8799da419ed3eeb0cb5db0ad5dbc"
  version = "v1.0.5"

[[projects]]
  name = "github.com/spf13/cobra"
  packages = ["."]
  revision = "a1f051bc3eba734da4772d60e2d677f47cf93ef4"
  version = "v0.0.2"

[[projects]]
  name = "github.com/spf13/pflag"
  packages = ["."]
  revision = "583c0c0531f06d5278b7d917446061adc344b5cd"
  version = "v1.0.1"

[[projects]]
  branch = "master"
  name = "golang.org/x/crypto"
  packages = [
    "acme",
    "acme/autocert",
    "ssh/terminal"
  ]
  revision = "f70185d77e8278766928032ee1355e3da47e7181"

[[projects]]
  branch = "master"
  name = "golang.org/x/net"
  packages = [
    "context",
    "http2",
    "http2/hpack",
    "idna",
    "internal/timeseries",
    "lex/httplex",
    "trace"
  ]
  revision = "61147c48b25b599e5b561d2e9c4f3e1ef489ca41"

[[projects]]
  branch = "master"
  name = "golang.org/x/sys"
  packages = [
    "unix",
    "windows"
  ]
  revision = "3b87a42e500a6dc65dae1a55d0b641295971163e"

[[projects]]
  name = "golang.org/x/text"
  packages = [
    "collate",
    "collate/build",
    "internal/colltab",
    "internal/gen",
    "internal/tag",
    "internal/triegen",
    "internal/ucd",
    "language",
    "secure/bidirule",
    "transform",
    "unicode/bidi",
    "unicode/cldr",
    "unicode/norm",
    "unicode/rangetable"
  ]
  revision = "f21a4dfb5e38f5895301dc265a8def02365cc3d0"
  version = "v0.3.0"

[[projects]]
  branch = "master"
  name = "golang.org/x/tools"
  packages = [
    "go/buildutil",
    "go/gcexportdata",
    "go/internal/gcimporter",
    "go/types/typeutil"
  ]
  revision = "faed997d2c50aac9885d111f84817ba5a3a71455"

[[projects]]
  branch = "master"
  name = "google.golang.org/genproto"
  packages = ["googleapis/rpc/status"]
  revision = "51d0944304c3cbce4afe9e5247e21100037bff78"

[[projects]]
  name = "google.golang.org/grpc"
  packages = [
    ".",
    "balancer",
    "balancer/base",
    "balancer/roundrobin",
    "codes",
    "connectivity",
    "credentials",
    "encoding",
    "encoding/proto",
    "grpclb/grpc_lb_v1/messages",
    "grpclog",
    "internal",
    "keepalive",
    "metadata",
    "naming",
    "peer",
    "resolver",
    "resolver/dns",
    "resolver/passthrough",
    "stats",
    "status",
    "tap",
    "transport"
  ]
  revision = "d11072e7ca9811b1100b80ca0269ac831f06d024"
  version = "v1.11.3"

[[projects]]
  branch = "master"
  name = "honnef.co/go/js/dom"
  packages = ["."]
  revision = "6da835bec70f84cd4f0c0b8a7239a9260b6bc37f"

[[projects]]
  branch = "master"
  name = "honnef.co/go/js/util"
  packages = ["."]
  revision = "96b8dd9d16214b6cd9d8c8e84b3a375da4688108"

[[projects]]
  branch = "master"
  name = "honnef.co/go/js/xhr"
  packages = ["."]
  revision = "00e3346113aed89b501ead4e863c7c3d04fa0c5b"

[[projects]]
  branch = "master"
  name = "myitcv.io/gogenerate"
  packages = ["."]
  revision = "bd69a94c96953d20e106734856b69d71c8fa122b"

[[projects]]
  branch = "master"
  name = "myitcv.io/highlightjs"
  packages = ["."]
  revision = "e0ea663591fbdbce10ca2658c680ba7be2391ff8"

[[projects]]
  branch = "master"
  name = "myitcv.io/immutable"
  packages = [
    ".",
    "cmd/immutableGen",
    "util"
  ]
  revision = "14699aec0b605e3fe63944cf91b39d2cebda03dd"

[[projects]]
  branch = "master"
  name = "myitcv.io/react"
  packages = [
    ".",
    "cmd/reactGen",
    "internal/bundle",
    "internal/core",
    "internal/dev",
    "internal/preact",
    "internal/prod"
  ]
  revision = "515c91366e894665f597e7ad99e783ef0eee214d"

[solve-meta]
  analyzer-name = "dep"
  analyzer-version = 1
  inputs-digest = "17426edb5aecd4d35a6b9866f789197c7f4b10281d7625868555dcbd09ffce17"
  solver-name = "gps-cdcl"
  solver-version = 1
