# This file is autogenerated, do not edit; changes may be undone by the next 'dep ensure'.


[[projects]]
  branch = "master"
  name = "github.com/elazarl/go-bindata-assetfs"
  packages = ["."]
  revision = "30f82fa23fd844bd5bb1e5f216db87fd77b5eb43"

[[projects]]
  branch = "master"
  name = "github.com/golang/protobuf"
  packages = ["proto","ptypes/any","ptypes/timestamp"]
  revision = "1909bc2f63dc92bb931deace8b8312c4db72d12f"

[[projects]]
  branch = "master"
  name = "github.com/gopherjs/jsbuiltin"
  packages = ["."]
  revision = "67703bfb044e3192fbcab025c3aeaeedafad1f2f"

[[projects]]
  branch = "master"
  name = "github.com/gopherjs/websocket"
  packages = [".","websocketjs"]
  revision = "87ee47603f137e7f8419765b3621b3c36e715a08"

[[projects]]
  name = "github.com/gorilla/websocket"
  packages = ["."]
  revision = "ea4d1f681babbce9545c9c5f3d5194a789c89f5b"
  version = "v1.2.0"

[[projects]]
  branch = "master"
  name = "github.com/improbable-eng/grpc-web"
  packages = ["go/grpcweb"]
  revision = "d77bb3348c50d37edc7f076adbd5003b34e5c78f"

[[projects]]
  name = "github.com/johanbrandhorst/protobuf"
  packages = ["grpcweb","grpcweb/grpcwebjs","grpcweb/metadata","grpcweb/status","jspb","ptypes/any","ptypes/timestamp"]
  revision = "58079236dcd840dcb67b36968a4ac2bc94c4c03b"
  version = "v0.4.1-alpha"

[[projects]]
  name = "github.com/rs/cors"
  packages = ["."]
  revision = "7af7a1e09ba336d2ea14b1ce73bf693c6837dbf6"
  version = "v1.2"

[[projects]]
  name = "github.com/sirupsen/logrus"
  packages = ["."]
  revision = "a3f95b5c423586578a4e099b11a46c2479628cac"
  version = "1.0.2"

[[projects]]
  branch = "master"
  name = "golang.org/x/crypto"
  packages = ["acme","acme/autocert"]
  revision = "b176d7def5d71bdd214203491f89843ed217f420"

[[projects]]
  branch = "master"
  name = "golang.org/x/net"
  packages = ["context","http2","http2/hpack","idna","internal/timeseries","lex/httplex","trace"]
  revision = "1c05540f6879653db88113bc4a2b70aec4bd491f"

[[projects]]
  branch = "master"
  name = "golang.org/x/sys"
  packages = ["unix"]
  revision = "2d3e384235de683634e9080b58f757466840aa48"

[[projects]]
  branch = "master"
  name = "golang.org/x/text"
  packages = ["internal/gen","internal/triegen","internal/ucd","secure/bidirule","transform","unicode/bidi","unicode/cldr","unicode/norm","unicode/rangetable"]
  revision = "e56139fd9c5bc7244c76116c68e500765bb6db6b"

[[projects]]
  branch = "master"
  name = "google.golang.org/genproto"
  packages = ["googleapis/rpc/status"]
  revision = "09f6ed296fc66555a25fe4ce95173148778dfa85"

[[projects]]
  name = "google.golang.org/grpc"
  packages = [".","codes","credentials","grpclb/grpc_lb_v1","grpclog","internal","keepalive","metadata","naming","peer","stats","status","tap","transport"]
  revision = "b8669c35455183da6d5c474ea6e72fbf55183274"
  version = "v1.5.1"

[[projects]]
  branch = "master"
  name = "honnef.co/go/js/dom"
  packages = ["."]
  revision = "f6f2b4f1821b71948b656d29c27dc8de9a32e59b"

[[projects]]
  branch = "master"
  name = "honnef.co/go/js/util"
  packages = ["."]
  revision = "96b8dd9d16214b6cd9d8c8e84b3a375da4688108"

[[projects]]
  branch = "master"
  name = "honnef.co/go/js/xhr"
  packages = ["."]
  revision = "00e3346113aed89b501ead4e863c7c3d04fa0c5b"

[[projects]]
  branch = "master"
  name = "myitcv.io/highlightjs"
  packages = ["."]
  revision = "e0ea663591fbdbce10ca2658c680ba7be2391ff8"

[[projects]]
  branch = "master"
  name = "myitcv.io/immutable"
  packages = ["."]
  revision = "eefcc7e9b328f3ce6a8acd40ff2e8152a1a5d839"

[[projects]]
  branch = "master"
  name = "myitcv.io/react"
  packages = [".","internal/bundle","internal/dev","internal/preact","internal/prod"]
  revision = "f912ff47af223a412e52253b2e7908612a573c3c"

[solve-meta]
  analyzer-name = "dep"
  analyzer-version = 1
  inputs-digest = "496e83633e4a63229bf7acfdabadf686b21c12e5d6ff14dc8138808ba7a3c186"
  solver-name = "gps-cdcl"
  solver-version = 1
